
Microsoft Visual Studio Solution File, Format Version 12.00
# Visual Studio 15
VisualStudioVersion = 15.0.27428.2043
MinimumVisualStudioVersion = 10.0.40219.1
Project("{FAE04EC0-301F-11D3-BF4B-00C04F79EFBC}") = "App2.Android", "App2\App2.Android\App2.Android.csproj", "{DEDB55B2-A737-4736-8B10-FF8DBB12BDFB}"
EndProject
Project("{FAE04EC0-301F-11D3-BF4B-00C04F79EFBC}") = "App2.iOS", "App2\App2.iOS\App2.iOS.csproj", "{349B66AB-A219-4E89-A899-85A2E55DA9F0}"
EndProject
Project("{FAE04EC0-301F-11D3-BF4B-00C04F79EFBC}") = "App2.UWP", "App2\App2.UWP\App2.UWP.csproj", "{1B4988AB-A385-4FB1-9C39-5F2B96828AEE}"
EndProject
Project("{FAE04EC0-301F-11D3-BF4B-00C04F79EFBC}") = "App2", "App2\App2\App2.csproj", "{4DACB813-BC75-4B48-989D-1ABAA28487F3}"
EndProject
Global
	GlobalSection(SolutionConfigurationPlatforms) = preSolution
		Ad-Hoc|Any CPU = Ad-Hoc|Any CPU
		Ad-Hoc|ARM = Ad-Hoc|ARM
		Ad-Hoc|iPhone = Ad-Hoc|iPhone
		Ad-Hoc|iPhoneSimulator = Ad-Hoc|iPhoneSimulator
		Ad-Hoc|x64 = Ad-Hoc|x64
		Ad-Hoc|x86 = Ad-Hoc|x86
		AppStore|Any CPU = AppStore|Any CPU
		AppStore|ARM = AppStore|ARM
		AppStore|iPhone = AppStore|iPhone
		AppStore|iPhoneSimulator = AppStore|iPhoneSimulator
		AppStore|x64 = AppStore|x64
		AppStore|x86 = AppStore|x86
		Debug|Any CPU = Debug|Any CPU
		Debug|ARM = Debug|ARM
		Debug|iPhone = Debug|iPhone
		Debug|iPhoneSimulator = Debug|iPhoneSimulator
		Debug|x64 = Debug|x64
		Debug|x86 = Debug|x86
		Release|Any CPU = Release|Any CPU
		Release|ARM = Release|ARM
		Release|iPhone = Release|iPhone
		Release|iPhoneSimulator = Release|iPhoneSimulator
		Release|x64 = Release|x64
		Release|x86 = Release|x86
	EndGlobalSection
	GlobalSection(ProjectConfigurationPlatforms) = postSolution
		{DEDB55B2-A737-4736-8B10-FF8DBB12BDFB}.Ad-Hoc|Any CPU.ActiveCfg = Release|Any CPU
		{DEDB55B2-A737-4736-8B10-FF8DBB12BDFB}.Ad-Hoc|Any CPU.Build.0 = Release|Any CPU
		{DEDB55B2-A737-4736-8B10-FF8DBB12BDFB}.Ad-Hoc|Any CPU.Deploy.0 = Release|Any CPU
		{DEDB55B2-A737-4736-8B10-FF8DBB12BDFB}.Ad-Hoc|ARM.ActiveCfg = Release|Any CPU
		{DEDB55B2-A737-4736-8B10-FF8DBB12BDFB}.Ad-Hoc|ARM.Build.0 = Release|Any CPU
		{DEDB55B2-A737-4736-8B10-FF8DBB12BDFB}.Ad-Hoc|ARM.Deploy.0 = Release|Any CPU
		{DEDB55B2-A737-4736-8B10-FF8DBB12BDFB}.Ad-Hoc|iPhone.ActiveCfg = Release|Any CPU
		{DEDB55B2-A737-4736-8B10-FF8DBB12BDFB}.Ad-Hoc|iPhone.Build.0 = Release|Any CPU
		{DEDB55B2-A737-4736-8B10-FF8DBB12BDFB}.Ad-Hoc|iPhone.Deploy.0 = Release|Any CPU
		{DEDB55B2-A737-4736-8B10-FF8DBB12BDFB}.Ad-Hoc|iPhoneSimulator.ActiveCfg = Release|Any CPU
		{DEDB55B2-A737-4736-8B10-FF8DBB12BDFB}.Ad-Hoc|iPhoneSimulator.Build.0 = Release|Any CPU
		{DEDB55B2-A737-4736-8B10-FF8DBB12BDFB}.Ad-Hoc|iPhoneSimulator.Deploy.0 = Release|Any CPU
		{DEDB55B2-A737-4736-8B10-FF8DBB12BDFB}.Ad-Hoc|x64.ActiveCfg = Release|Any CPU
		{DEDB55B2-A737-4736-8B10-FF8DBB12BDFB}.Ad-Hoc|x64.Build.0 = Release|Any CPU
		{DEDB55B2-A737-4736-8B10-FF8DBB12BDFB}.Ad-Hoc|x64.Deploy.0 = Release|Any CPU
		{DEDB55B2-A737-4736-8B10-FF8DBB12BDFB}.Ad-Hoc|x86.ActiveCfg = Release|Any CPU
		{DEDB55B2-A737-4736-8B10-FF8DBB12BDFB}.Ad-Hoc|x86.Build.0 = Release|Any CPU
		{DEDB55B2-A737-4736-8B10-FF8DBB12BDFB}.Ad-Hoc|x86.Deploy.0 = Release|Any CPU
		{DEDB55B2-A737-4736-8B10-FF8DBB12BDFB}.AppStore|Any CPU.ActiveCfg = Release|Any CPU
		{DEDB55B2-A737-4736-8B10-FF8DBB12BDFB}.AppStore|Any CPU.Build.0 = Release|Any CPU
		{DEDB55B2-A737-4736-8B10-FF8DBB12BDFB}.AppStore|Any CPU.Deploy.0 = Release|Any CPU
		{DEDB55B2-A737-4736-8B10-FF8DBB12BDFB}.AppStore|ARM.ActiveCfg = Release|Any CPU
		{DEDB55B2-A737-4736-8B10-FF8DBB12BDFB}.AppStore|ARM.Build.0 = Release|Any CPU
		{DEDB55B2-A737-4736-8B10-FF8DBB12BDFB}.AppStore|ARM.Deploy.0 = Release|Any CPU
		{DEDB55B2-A737-4736-8B10-FF8DBB12BDFB}.AppStore|iPhone.ActiveCfg = Release|Any CPU
		{DEDB55B2-A737-4736-8B10-FF8DBB12BDFB}.AppStore|iPhone.Build.0 = Release|Any CPU
		{DEDB55B2-A737-4736-8B10-FF8DBB12BDFB}.AppStore|iPhone.Deploy.0 = Release|Any CPU
		{DEDB55B2-A737-4736-8B10-FF8DBB12BDFB}.AppStore|iPhoneSimulator.ActiveCfg = Release|Any CPU
		{DEDB55B2-A737-4736-8B10-FF8DBB12BDFB}.AppStore|iPhoneSimulator.Build.0 = Release|Any CPU
		{DEDB55B2-A737-4736-8B10-FF8DBB12BDFB}.AppStore|iPhoneSimulator.Deploy.0 = Release|Any CPU
		{DEDB55B2-A737-4736-8B10-FF8DBB12BDFB}.AppStore|x64.ActiveCfg = Release|Any CPU
		{DEDB55B2-A737-4736-8B10-FF8DBB12BDFB}.AppStore|x64.Build.0 = Release|Any CPU
		{DEDB55B2-A737-4736-8B10-FF8DBB12BDFB}.AppStore|x64.Deploy.0 = Release|Any CPU
		{DEDB55B2-A737-4736-8B10-FF8DBB12BDFB}.AppStore|x86.ActiveCfg = Release|Any CPU
		{DEDB55B2-A737-4736-8B10-FF8DBB12BDFB}.AppStore|x86.Build.0 = Release|Any CPU
		{DEDB55B2-A737-4736-8B10-FF8DBB12BDFB}.AppStore|x86.Deploy.0 = Release|Any CPU
		{DEDB55B2-A737-4736-8B10-FF8DBB12BDFB}.Debug|Any CPU.ActiveCfg = Debug|Any CPU
		{DEDB55B2-A737-4736-8B10-FF8DBB12BDFB}.Debug|Any CPU.Build.0 = Debug|Any CPU
		{DEDB55B2-A737-4736-8B10-FF8DBB12BDFB}.Debug|Any CPU.Deploy.0 = Debug|Any CPU
		{DEDB55B2-A737-4736-8B10-FF8DBB12BDFB}.Debug|ARM.ActiveCfg = Debug|Any CPU
		{DEDB55B2-A737-4736-8B10-FF8DBB12BDFB}.Debug|ARM.Build.0 = Debug|Any CPU
		{DEDB55B2-A737-4736-8B10-FF8DBB12BDFB}.Debug|ARM.Deploy.0 = Debug|Any CPU
		{DEDB55B2-A737-4736-8B10-FF8DBB12BDFB}.Debug|iPhone.ActiveCfg = Debug|Any CPU
		{DEDB55B2-A737-4736-8B10-FF8DBB12BDFB}.Debug|iPhone.Build.0 = Debug|Any CPU
		{DEDB55B2-A737-4736-8B10-FF8DBB12BDFB}.Debug|iPhone.Deploy.0 = Debug|Any CPU
		{DEDB55B2-A737-4736-8B10-FF8DBB12BDFB}.Debug|iPhoneSimulator.ActiveCfg = Debug|Any CPU
		{DEDB55B2-A737-4736-8B10-FF8DBB12BDFB}.Debug|iPhoneSimulator.Build.0 = Debug|Any CPU
		{DEDB55B2-A737-4736-8B10-FF8DBB12BDFB}.Debug|iPhoneSimulator.Deploy.0 = Debug|Any CPU
		{DEDB55B2-A737-4736-8B10-FF8DBB12BDFB}.Debug|x64.ActiveCfg = Debug|Any CPU
		{DEDB55B2-A737-4736-8B10-FF8DBB12BDFB}.Debug|x64.Build.0 = Debug|Any CPU
		{DEDB55B2-A737-4736-8B10-FF8DBB12BDFB}.Debug|x64.Deploy.0 = Debug|Any CPU
		{DEDB55B2-A737-4736-8B10-FF8DBB12BDFB}.Debug|x86.ActiveCfg = Debug|Any CPU
		{DEDB55B2-A737-4736-8B10-FF8DBB12BDFB}.Debug|x86.Build.0 = Debug|Any CPU
		{DEDB55B2-A737-4736-8B10-FF8DBB12BDFB}.Debug|x86.Deploy.0 = Debug|Any CPU
		{DEDB55B2-A737-4736-8B10-FF8DBB12BDFB}.Release|Any CPU.ActiveCfg = Release|Any CPU
		{DEDB55B2-A737-4736-8B10-FF8DBB12BDFB}.Release|Any CPU.Build.0 = Release|Any CPU
		{DEDB55B2-A737-4736-8B10-FF8DBB12BDFB}.Release|Any CPU.Deploy.0 = Release|Any CPU
		{DEDB55B2-A737-4736-8B10-FF8DBB12BDFB}.Release|ARM.ActiveCfg = Release|Any CPU
		{DEDB55B2-A737-4736-8B10-FF8DBB12BDFB}.Release|ARM.Build.0 = Release|Any CPU
		{DEDB55B2-A737-4736-8B10-FF8DBB12BDFB}.Release|ARM.Deploy.0 = Release|Any CPU
		{DEDB55B2-A737-4736-8B10-FF8DBB12BDFB}.Release|iPhone.ActiveCfg = Release|Any CPU
		{DEDB55B2-A737-4736-8B10-FF8DBB12BDFB}.Release|iPhone.Build.0 = Release|Any CPU
		{DEDB55B2-A737-4736-8B10-FF8DBB12BDFB}.Release|iPhone.Deploy.0 = Release|Any CPU
		{DEDB55B2-A737-4736-8B10-FF8DBB12BDFB}.Release|iPhoneSimulator.ActiveCfg = Release|Any CPU
		{DEDB55B2-A737-4736-8B10-FF8DBB12BDFB}.Release|iPhoneSimulator.Build.0 = Release|Any CPU
		{DEDB55B2-A737-4736-8B10-FF8DBB12BDFB}.Release|iPhoneSimulator.Deploy.0 = Release|Any CPU
		{DEDB55B2-A737-4736-8B10-FF8DBB12BDFB}.Release|x64.ActiveCfg = Release|Any CPU
		{DEDB55B2-A737-4736-8B10-FF8DBB12BDFB}.Release|x64.Build.0 = Release|Any CPU
		{DEDB55B2-A737-4736-8B10-FF8DBB12BDFB}.Release|x64.Deploy.0 = Release|Any CPU
		{DEDB55B2-A737-4736-8B10-FF8DBB12BDFB}.Release|x86.ActiveCfg = Release|Any CPU
		{DEDB55B2-A737-4736-8B10-FF8DBB12BDFB}.Release|x86.Build.0 = Release|Any CPU
		{DEDB55B2-A737-4736-8B10-FF8DBB12BDFB}.Release|x86.Deploy.0 = Release|Any CPU
		{349B66AB-A219-4E89-A899-85A2E55DA9F0}.Ad-Hoc|Any CPU.ActiveCfg = Ad-Hoc|iPhone
		{349B66AB-A219-4E89-A899-85A2E55DA9F0}.Ad-Hoc|ARM.ActiveCfg = Ad-Hoc|iPhone
		{349B66AB-A219-4E89-A899-85A2E55DA9F0}.Ad-Hoc|iPhone.ActiveCfg = Ad-Hoc|iPhone
		{349B66AB-A219-4E89-A899-85A2E55DA9F0}.Ad-Hoc|iPhone.Build.0 = Ad-Hoc|iPhone
		{349B66AB-A219-4E89-A899-85A2E55DA9F0}.Ad-Hoc|iPhoneSimulator.ActiveCfg = Ad-Hoc|iPhoneSimulator
		{349B66AB-A219-4E89-A899-85A2E55DA9F0}.Ad-Hoc|iPhoneSimulator.Build.0 = Ad-Hoc|iPhoneSimulator
		{349B66AB-A219-4E89-A899-85A2E55DA9F0}.Ad-Hoc|x64.ActiveCfg = Ad-Hoc|iPhone
		{349B66AB-A219-4E89-A899-85A2E55DA9F0}.Ad-Hoc|x86.ActiveCfg = Ad-Hoc|iPhone
		{349B66AB-A219-4E89-A899-85A2E55DA9F0}.AppStore|Any CPU.ActiveCfg = AppStore|iPhone
		{349B66AB-A219-4E89-A899-85A2E55DA9F0}.AppStore|ARM.ActiveCfg = AppStore|iPhone
		{349B66AB-A219-4E89-A899-85A2E55DA9F0}.AppStore|iPhone.ActiveCfg = AppStore|iPhone
		{349B66AB-A219-4E89-A899-85A2E55DA9F0}.AppStore|iPhone.Build.0 = AppStore|iPhone
		{349B66AB-A219-4E89-A899-85A2E55DA9F0}.AppStore|iPhoneSimulator.ActiveCfg = AppStore|iPhoneSimulator
		{349B66AB-A219-4E89-A899-85A2E55DA9F0}.AppStore|iPhoneSimulator.Build.0 = AppStore|iPhoneSimulator
		{349B66AB-A219-4E89-A899-85A2E55DA9F0}.AppStore|x64.ActiveCfg = AppStore|iPhone
		{349B66AB-A219-4E89-A899-85A2E55DA9F0}.AppStore|x86.ActiveCfg = AppStore|iPhone
		{349B66AB-A219-4E89-A899-85A2E55DA9F0}.Debug|Any CPU.ActiveCfg = Debug|iPhone
		{349B66AB-A219-4E89-A899-85A2E55DA9F0}.Debug|ARM.ActiveCfg = Debug|iPhone
		{349B66AB-A219-4E89-A899-85A2E55DA9F0}.Debug|iPhone.ActiveCfg = Debug|iPhone
		{349B66AB-A219-4E89-A899-85A2E55DA9F0}.Debug|iPhone.Build.0 = Debug|iPhone
		{349B66AB-A219-4E89-A899-85A2E55DA9F0}.Debug|iPhoneSimulator.ActiveCfg = Debug|iPhoneSimulator
		{349B66AB-A219-4E89-A899-85A2E55DA9F0}.Debug|iPhoneSimulator.Build.0 = Debug|iPhoneSimulator
		{349B66AB-A219-4E89-A899-85A2E55DA9F0}.Debug|x64.ActiveCfg = Debug|iPhone
		{349B66AB-A219-4E89-A899-85A2E55DA9F0}.Debug|x86.ActiveCfg = Debug|iPhone
		{349B66AB-A219-4E89-A899-85A2E55DA9F0}.Release|Any CPU.ActiveCfg = Release|iPhone
		{349B66AB-A219-4E89-A899-85A2E55DA9F0}.Release|ARM.ActiveCfg = Release|iPhone
		{349B66AB-A219-4E89-A899-85A2E55DA9F0}.Release|iPhone.ActiveCfg = Release|iPhone
		{349B66AB-A219-4E89-A899-85A2E55DA9F0}.Release|iPhone.Build.0 = Release|iPhone
		{349B66AB-A219-4E89-A899-85A2E55DA9F0}.Release|iPhoneSimulator.ActiveCfg = Release|iPhoneSimulator
		{349B66AB-A219-4E89-A899-85A2E55DA9F0}.Release|iPhoneSimulator.Build.0 = Release|iPhoneSimulator
		{349B66AB-A219-4E89-A899-85A2E55DA9F0}.Release|x64.ActiveCfg = Release|iPhone
		{349B66AB-A219-4E89-A899-85A2E55DA9F0}.Release|x86.ActiveCfg = Release|iPhone
		{1B4988AB-A385-4FB1-9C39-5F2B96828AEE}.Ad-Hoc|Any CPU.ActiveCfg = Release|x86
		{1B4988AB-A385-4FB1-9C39-5F2B96828AEE}.Ad-Hoc|Any CPU.Build.0 = Release|x86
		{1B4988AB-A385-4FB1-9C39-5F2B96828AEE}.Ad-Hoc|Any CPU.Deploy.0 = Release|x86
		{1B4988AB-A385-4FB1-9C39-5F2B96828AEE}.Ad-Hoc|ARM.ActiveCfg = Release|ARM
		{1B4988AB-A385-4FB1-9C39-5F2B96828AEE}.Ad-Hoc|ARM.Build.0 = Release|ARM
		{1B4988AB-A385-4FB1-9C39-5F2B96828AEE}.Ad-Hoc|ARM.Deploy.0 = Release|ARM
		{1B4988AB-A385-4FB1-9C39-5F2B96828AEE}.Ad-Hoc|iPhone.ActiveCfg = Release|x86
		{1B4988AB-A385-4FB1-9C39-5F2B96828AEE}.Ad-Hoc|iPhone.Build.0 = Release|x86
		{1B4988AB-A385-4FB1-9C39-5F2B96828AEE}.Ad-Hoc|iPhone.Deploy.0 = Release|x86
		{1B4988AB-A385-4FB1-9C39-5F2B96828AEE}.Ad-Hoc|iPhoneSimulator.ActiveCfg = Release|x86
		{1B4988AB-A385-4FB1-9C39-5F2B96828AEE}.Ad-Hoc|iPhoneSimulator.Build.0 = Release|x86
		{1B4988AB-A385-4FB1-9C39-5F2B96828AEE}.Ad-Hoc|iPhoneSimulator.Deploy.0 = Release|x86
		{1B4988AB-A385-4FB1-9C39-5F2B96828AEE}.Ad-Hoc|x64.ActiveCfg = Release|x64
		{1B4988AB-A385-4FB1-9C39-5F2B96828AEE}.Ad-Hoc|x64.Build.0 = Release|x64
		{1B4988AB-A385-4FB1-9C39-5F2B96828AEE}.Ad-Hoc|x64.Deploy.0 = Release|x64
		{1B4988AB-A385-4FB1-9C39-5F2B96828AEE}.Ad-Hoc|x86.ActiveCfg = Release|x86
		{1B4988AB-A385-4FB1-9C39-5F2B96828AEE}.Ad-Hoc|x86.Build.0 = Release|x86
		{1B4988AB-A385-4FB1-9C39-5F2B96828AEE}.Ad-Hoc|x86.Deploy.0 = Release|x86
		{1B4988AB-A385-4FB1-9C39-5F2B96828AEE}.AppStore|Any CPU.ActiveCfg = Release|x86
		{1B4988AB-A385-4FB1-9C39-5F2B96828AEE}.AppStore|Any CPU.Build.0 = Release|x86
		{1B4988AB-A385-4FB1-9C39-5F2B96828AEE}.AppStore|Any CPU.Deploy.0 = Release|x86
		{1B4988AB-A385-4FB1-9C39-5F2B96828AEE}.AppStore|ARM.ActiveCfg = Release|ARM
		{1B4988AB-A385-4FB1-9C39-5F2B96828AEE}.AppStore|ARM.Build.0 = Release|ARM
		{1B4988AB-A385-4FB1-9C39-5F2B96828AEE}.AppStore|ARM.Deploy.0 = Release|ARM
		{1B4988AB-A385-4FB1-9C39-5F2B96828AEE}.AppStore|iPhone.ActiveCfg = Release|x86
		{1B4988AB-A385-4FB1-9C39-5F2B96828AEE}.AppStore|iPhone.Build.0 = Release|x86
		{1B4988AB-A385-4FB1-9C39-5F2B96828AEE}.AppStore|iPhone.Deploy.0 = Release|x86
		{1B4988AB-A385-4FB1-9C39-5F2B96828AEE}.AppStore|iPhoneSimulator.ActiveCfg = Release|x86
		{1B4988AB-A385-4FB1-9C39-5F2B96828AEE}.AppStore|iPhoneSimulator.Build.0 = Release|x86
		{1B4988AB-A385-4FB1-9C39-5F2B96828AEE}.AppStore|iPhoneSimulator.Deploy.0 = Release|x86
		{1B4988AB-A385-4FB1-9C39-5F2B96828AEE}.AppStore|x64.ActiveCfg = Release|x64
		{1B4988AB-A385-4FB1-9C39-5F2B96828AEE}.AppStore|x64.Build.0 = Release|x64
		{1B4988AB-A385-4FB1-9C39-5F2B96828AEE}.AppStore|x64.Deploy.0 = Release|x64
		{1B4988AB-A385-4FB1-9C39-5F2B96828AEE}.AppStore|x86.ActiveCfg = Release|x86
		{1B4988AB-A385-4FB1-9C39-5F2B96828AEE}.AppStore|x86.Build.0 = Release|x86
		{1B4988AB-A385-4FB1-9C39-5F2B96828AEE}.AppStore|x86.Deploy.0 = Release|x86
		{1B4988AB-A385-4FB1-9C39-5F2B96828AEE}.Debug|Any CPU.ActiveCfg = Debug|x86
		{1B4988AB-A385-4FB1-9C39-5F2B96828AEE}.Debug|ARM.ActiveCfg = Debug|ARM
		{1B4988AB-A385-4FB1-9C39-5F2B96828AEE}.Debug|ARM.Build.0 = Debug|ARM
		{1B4988AB-A385-4FB1-9C39-5F2B96828AEE}.Debug|ARM.Deploy.0 = Debug|ARM
		{1B4988AB-A385-4FB1-9C39-5F2B96828AEE}.Debug|iPhone.ActiveCfg = Debug|x86
		{1B4988AB-A385-4FB1-9C39-5F2B96828AEE}.Debug|iPhoneSimulator.ActiveCfg = Debug|x86
		{1B4988AB-A385-4FB1-9C39-5F2B96828AEE}.Debug|x64.ActiveCfg = Debug|x64
		{1B4988AB-A385-4FB1-9C39-5F2B96828AEE}.Debug|x64.Build.0 = Debug|x64
		{1B4988AB-A385-4FB1-9C39-5F2B96828AEE}.Debug|x64.Deploy.0 = Debug|x64
		{1B4988AB-A385-4FB1-9C39-5F2B96828AEE}.Debug|x86.ActiveCfg = Debug|x86
		{1B4988AB-A385-4FB1-9C39-5F2B96828AEE}.Debug|x86.Build.0 = Debug|x86
		{1B4988AB-A385-4FB1-9C39-5F2B96828AEE}.Debug|x86.Deploy.0 = Debug|x86
		{1B4988AB-A385-4FB1-9C39-5F2B96828AEE}.Release|Any CPU.ActiveCfg = Release|x86
		{1B4988AB-A385-4FB1-9C39-5F2B96828AEE}.Release|ARM.ActiveCfg = Release|ARM
		{1B4988AB-A385-4FB1-9C39-5F2B96828AEE}.Release|ARM.Build.0 = Release|ARM
		{1B4988AB-A385-4FB1-9C39-5F2B96828AEE}.Release|ARM.Deploy.0 = Release|ARM
		{1B4988AB-A385-4FB1-9C39-5F2B96828AEE}.Release|iPhone.ActiveCfg = Release|x86
		{1B4988AB-A385-4FB1-9C39-5F2B96828AEE}.Release|iPhoneSimulator.ActiveCfg = Release|x86
		{1B4988AB-A385-4FB1-9C39-5F2B96828AEE}.Release|x64.ActiveCfg = Release|x64
		{1B4988AB-A385-4FB1-9C39-5F2B96828AEE}.Release|x64.Build.0 = Release|x64
		{1B4988AB-A385-4FB1-9C39-5F2B96828AEE}.Release|x64.Deploy.0 = Release|x64
		{1B4988AB-A385-4FB1-9C39-5F2B96828AEE}.Release|x86.ActiveCfg = Release|x86
		{1B4988AB-A385-4FB1-9C39-5F2B96828AEE}.Release|x86.Build.0 = Release|x86
		{1B4988AB-A385-4FB1-9C39-5F2B96828AEE}.Release|x86.Deploy.0 = Release|x86
		{4DACB813-BC75-4B48-989D-1ABAA28487F3}.Ad-Hoc|Any CPU.ActiveCfg = Debug|Any CPU
		{4DACB813-BC75-4B48-989D-1ABAA28487F3}.Ad-Hoc|Any CPU.Build.0 = Debug|Any CPU
		{4DACB813-BC75-4B48-989D-1ABAA28487F3}.Ad-Hoc|ARM.ActiveCfg = Debug|Any CPU
		{4DACB813-BC75-4B48-989D-1ABAA28487F3}.Ad-Hoc|ARM.Build.0 = Debug|Any CPU
		{4DACB813-BC75-4B48-989D-1ABAA28487F3}.Ad-Hoc|iPhone.ActiveCfg = Debug|Any CPU
		{4DACB813-BC75-4B48-989D-1ABAA28487F3}.Ad-Hoc|iPhone.Build.0 = Debug|Any CPU
		{4DACB813-BC75-4B48-989D-1ABAA28487F3}.Ad-Hoc|iPhoneSimulator.ActiveCfg = Debug|Any CPU
		{4DACB813-BC75-4B48-989D-1ABAA28487F3}.Ad-Hoc|iPhoneSimulator.Build.0 = Debug|Any CPU
		{4DACB813-BC75-4B48-989D-1ABAA28487F3}.Ad-Hoc|x64.ActiveCfg = Debug|Any CPU
		{4DACB813-BC75-4B48-989D-1ABAA28487F3}.Ad-Hoc|x64.Build.0 = Debug|Any CPU
		{4DACB813-BC75-4B48-989D-1ABAA28487F3}.Ad-Hoc|x86.ActiveCfg = Debug|Any CPU
		{4DACB813-BC75-4B48-989D-1ABAA28487F3}.Ad-Hoc|x86.Build.0 = Debug|Any CPU
		{4DACB813-BC75-4B48-989D-1ABAA28487F3}.AppStore|Any CPU.ActiveCfg = Debug|Any CPU
		{4DACB813-BC75-4B48-989D-1ABAA28487F3}.AppStore|Any CPU.Build.0 = Debug|Any CPU
		{4DACB813-BC75-4B48-989D-1ABAA28487F3}.AppStore|ARM.ActiveCfg = Debug|Any CPU
		{4DACB813-BC75-4B48-989D-1ABAA28487F3}.AppStore|ARM.Build.0 = Debug|Any CPU
		{4DACB813-BC75-4B48-989D-1ABAA28487F3}.AppStore|iPhone.ActiveCfg = Debug|Any CPU
		{4DACB813-BC75-4B48-989D-1ABAA28487F3}.AppStore|iPhone.Build.0 = Debug|Any CPU
		{4DACB813-BC75-4B48-989D-1ABAA28487F3}.AppStore|iPhoneSimulator.ActiveCfg = Debug|Any CPU
		{4DACB813-BC75-4B48-989D-1ABAA28487F3}.AppStore|iPhoneSimulator.Build.0 = Debug|Any CPU
		{4DACB813-BC75-4B48-989D-1ABAA28487F3}.AppStore|x64.ActiveCfg = Debug|Any CPU
		{4DACB813-BC75-4B48-989D-1ABAA28487F3}.AppStore|x64.Build.0 = Debug|Any CPU
		{4DACB813-BC75-4B48-989D-1ABAA28487F3}.AppStore|x86.ActiveCfg = Debug|Any CPU
		{4DACB813-BC75-4B48-989D-1ABAA28487F3}.AppStore|x86.Build.0 = Debug|Any CPU
		{4DACB813-BC75-4B48-989D-1ABAA28487F3}.Debug|Any CPU.ActiveCfg = Debug|Any CPU
		{4DACB813-BC75-4B48-989D-1ABAA28487F3}.Debug|Any CPU.Build.0 = Debug|Any CPU
		{4DACB813-BC75-4B48-989D-1ABAA28487F3}.Debug|ARM.ActiveCfg = Debug|Any CPU
		{4DACB813-BC75-4B48-989D-1ABAA28487F3}.Debug|ARM.Build.0 = Debug|Any CPU
		{4DACB813-BC75-4B48-989D-1ABAA28487F3}.Debug|iPhone.ActiveCfg = Debug|Any CPU
		{4DACB813-BC75-4B48-989D-1ABAA28487F3}.Debug|iPhone.Build.0 = Debug|Any CPU
		{4DACB813-BC75-4B48-989D-1ABAA28487F3}.Debug|iPhoneSimulator.ActiveCfg = Debug|Any CPU
		{4DACB813-BC75-4B48-989D-1ABAA28487F3}.Debug|iPhoneSimulator.Build.0 = Debug|Any CPU
		{4DACB813-BC75-4B48-989D-1ABAA28487F3}.Debug|x64.ActiveCfg = Debug|Any CPU
		{4DACB813-BC75-4B48-989D-1ABAA28487F3}.Debug|x64.Build.0 = Debug|Any CPU
		{4DACB813-BC75-4B48-989D-1ABAA28487F3}.Debug|x86.ActiveCfg = Debug|Any CPU
		{4DACB813-BC75-4B48-989D-1ABAA28487F3}.Debug|x86.Build.0 = Debug|Any CPU
		{4DACB813-BC75-4B48-989D-1ABAA28487F3}.Release|Any CPU.ActiveCfg = Release|Any CPU
		{4DACB813-BC75-4B48-989D-1ABAA28487F3}.Release|Any CPU.Build.0 = Release|Any CPU
		{4DACB813-BC75-4B48-989D-1ABAA28487F3}.Release|ARM.ActiveCfg = Release|Any CPU
		{4DACB813-BC75-4B48-989D-1ABAA28487F3}.Release|ARM.Build.0 = Release|Any CPU
		{4DACB813-BC75-4B48-989D-1ABAA28487F3}.Release|iPhone.ActiveCfg = Release|Any CPU
		{4DACB813-BC75-4B48-989D-1ABAA28487F3}.Release|iPhone.Build.0 = Release|Any CPU
		{4DACB813-BC75-4B48-989D-1ABAA28487F3}.Release|iPhoneSimulator.ActiveCfg = Release|Any CPU
		{4DACB813-BC75-4B48-989D-1ABAA28487F3}.Release|iPhoneSimulator.Build.0 = Release|Any CPU
		{4DACB813-BC75-4B48-989D-1ABAA28487F3}.Release|x64.ActiveCfg = Release|Any CPU
		{4DACB813-BC75-4B48-989D-1ABAA28487F3}.Release|x64.Build.0 = Release|Any CPU
		{4DACB813-BC75-4B48-989D-1ABAA28487F3}.Release|x86.ActiveCfg = Release|Any CPU
		{4DACB813-BC75-4B48-989D-1ABAA28487F3}.Release|x86.Build.0 = Release|Any CPU
	EndGlobalSection
	GlobalSection(SolutionProperties) = preSolution
		HideSolutionNode = FALSE
	EndGlobalSection
	GlobalSection(ExtensibilityGlobals) = postSolution
		SolutionGuid = {8B6F6725-5912-475F-8156-0DF09ED646D5}
	EndGlobalSection
EndGlobal
